// !$*UTF8*$!
{
	archiveVersion = 1;
	classes = {
	};
	objectVersion = 77;
	objects = {

/* Begin PBXBuildFile section */
		9248DDBA2E97D05C00814079 /* WidgetKit.framework in Frameworks */ = {isa = PBXBuildFile; fileRef = 9248DDB92E97D05C00814079 /* WidgetKit.framework */; };
		9248DDBC2E97D05C00814079 /* SwiftUI.framework in Frameworks */ = {isa = PBXBuildFile; fileRef = 9248DDBB2E97D05C00814079 /* SwiftUI.framework */; };
		9248DDCB2E97D05E00814079 /* AlbumWidgetExtension.appex in Embed Foundation Extensions */ = {isa = PBXBuildFile; fileRef = 9248DDB72E97D05C00814079 /* AlbumWidgetExtension.appex */; settings = {ATTRIBUTES = (RemoveHeadersOnCopy, ); }; };
/* End PBXBuildFile section */

/* Begin PBXContainerItemProxy section */
		9248DD962E97CEAC00814079 /* PBXContainerItemProxy */ = {
			isa = PBXContainerItemProxy;
			containerPortal = 9248DD7E2E97CEAB00814079 /* Project object */;
			proxyType = 1;
			remoteGlobalIDString = 9248DD852E97CEAB00814079;
			remoteInfo = OpenAlbum;
		};
		9248DDA02E97CEAC00814079 /* PBXContainerItemProxy */ = {
			isa = PBXContainerItemProxy;
			containerPortal = 9248DD7E2E97CEAB00814079 /* Project object */;
			proxyType = 1;
			remoteGlobalIDString = 9248DD852E97CEAB00814079;
			remoteInfo = OpenAlbum;
		};
		9248DDC92E97D05E00814079 /* PBXContainerItemProxy */ = {
			isa = PBXContainerItemProxy;
			containerPortal = 9248DD7E2E97CEAB00814079 /* Project object */;
			proxyType = 1;
			remoteGlobalIDString = 9248DDB62E97D05C00814079;
			remoteInfo = AlbumWidgetExtension;
		};
/* End PBXContainerItemProxy section */

/* Begin PBXCopyFilesBuildPhase section */
		9248DDD02E97D05E00814079 /* Embed Foundation Extensions */ = {
			isa = PBXCopyFilesBuildPhase;
			buildActionMask = 2147483647;
			dstPath = "";
			dstSubfolderSpec = 13;
			files = (
				9248DDCB2E97D05E00814079 /* AlbumWidgetExtension.appex in Embed Foundation Extensions */,
			);
			name = "Embed Foundation Extensions";
			runOnlyForDeploymentPostprocessing = 0;
		};
/* End PBXCopyFilesBuildPhase section */

/* Begin PBXFileReference section */
		9248DD862E97CEAB00814079 /* OpenAlbum.app */ = {isa = PBXFileReference; explicitFileType = wrapper.application; includeInIndex = 0; path = OpenAlbum.app; sourceTree = BUILT_PRODUCTS_DIR; };
		9248DD952E97CEAC00814079 /* OpenAlbumTests.xctest */ = {isa = PBXFileReference; explicitFileType = wrapper.cfbundle; includeInIndex = 0; path = OpenAlbumTests.xctest; sourceTree = BUILT_PRODUCTS_DIR; };
		9248DD9F2E97CEAC00814079 /* OpenAlbumUITests.xctest */ = {isa = PBXFileReference; explicitFileType = wrapper.cfbundle; includeInIndex = 0; path = OpenAlbumUITests.xctest; sourceTree = BUILT_PRODUCTS_DIR; };
		9248DDB72E97D05C00814079 /* AlbumWidgetExtension.appex */ = {isa = PBXFileReference; explicitFileType = "wrapper.app-extension"; includeInIndex = 0; path = AlbumWidgetExtension.appex; sourceTree = BUILT_PRODUCTS_DIR; };
		9248DDB92E97D05C00814079 /* WidgetKit.framework */ = {isa = PBXFileReference; lastKnownFileType = wrapper.framework; name = WidgetKit.framework; path = System/Library/Frameworks/WidgetKit.framework; sourceTree = SDKROOT; };
		9248DDBB2E97D05C00814079 /* SwiftUI.framework */ = {isa = PBXFileReference; lastKnownFileType = wrapper.framework; name = SwiftUI.framework; path = System/Library/Frameworks/SwiftUI.framework; sourceTree = SDKROOT; };
		9248DDD12E97D06700814079 /* AlbumWidgetExtension.entitlements */ = {isa = PBXFileReference; lastKnownFileType = text.plist.entitlements; path = AlbumWidgetExtension.entitlements; sourceTree = "<group>"; };
/* End PBXFileReference section */

/* Begin PBXFileSystemSynchronizedBuildFileExceptionSet section */
		921B89152EFD86DF00D026EB /* Exceptions for "OpenAlbum" folder in "OpenAlbum" target */ = {
			isa = PBXFileSystemSynchronizedBuildFileExceptionSet;
			membershipExceptions = (
				Info.plist,
			);
			target = 9248DD852E97CEAB00814079 /* OpenAlbum */;
		};
		9248DDCC2E97D05E00814079 /* Exceptions for "AlbumWidget" folder in "AlbumWidgetExtension" target */ = {
			isa = PBXFileSystemSynchronizedBuildFileExceptionSet;
			membershipExceptions = (
				Info.plist,
			);
			target = 9248DDB62E97D05C00814079 /* AlbumWidgetExtension */;
		};
		928EED1D2E9A076B00EA2C55 /* Exceptions for "OpenAlbum" folder in "AlbumWidgetExtension" target */ = {
			isa = PBXFileSystemSynchronizedBuildFileExceptionSet;
			membershipExceptions = (
				AmazonPhotos.swift,
				Item.swift,
				JustImage.swift,
			);
			target = 9248DDB62E97D05C00814079 /* AlbumWidgetExtension */;
		};
/* End PBXFileSystemSynchronizedBuildFileExceptionSet section */

/* Begin PBXFileSystemSynchronizedRootGroup section */
		9248DD882E97CEAB00814079 /* OpenAlbum */ = {
			isa = PBXFileSystemSynchronizedRootGroup;
			exceptions = (
				921B89152EFD86DF00D026EB /* Exceptions for "OpenAlbum" folder in "OpenAlbum" target */,
				928EED1D2E9A076B00EA2C55 /* Exceptions for "OpenAlbum" folder in "AlbumWidgetExtension" target */,
			);
			path = OpenAlbum;
			sourceTree = "<group>";
		};
		9248DD982E97CEAC00814079 /* OpenAlbumTests */ = {
			isa = PBXFileSystemSynchronizedRootGroup;
			path = OpenAlbumTests;
			sourceTree = "<group>";
		};
		9248DDA22E97CEAC00814079 /* OpenAlbumUITests */ = {
			isa = PBXFileSystemSynchronizedRootGroup;
			path = OpenAlbumUITests;
			sourceTree = "<group>";
		};
		9248DDBD2E97D05C00814079 /* AlbumWidget */ = {
			isa = PBXFileSystemSynchronizedRootGroup;
			exceptions = (
				9248DDCC2E97D05E00814079 /* Exceptions for "AlbumWidget" folder in "AlbumWidgetExtension" target */,
			);
			path = AlbumWidget;
			sourceTree = "<group>";
		};
/* End PBXFileSystemSynchronizedRootGroup section */

/* Begin PBXFrameworksBuildPhase section */
		9248DD832E97CEAB00814079 /* Frameworks */ = {
			isa = PBXFrameworksBuildPhase;
			buildActionMask = 2147483647;
			files = (
			);
			runOnlyForDeploymentPostprocessing = 0;
		};
		9248DD922E97CEAC00814079 /* Frameworks */ = {
			isa = PBXFrameworksBuildPhase;
			buildActionMask = 2147483647;
			files = (
			);
			runOnlyForDeploymentPostprocessing = 0;
		};
		9248DD9C2E97CEAC00814079 /* Frameworks */ = {
			isa = PBXFrameworksBuildPhase;
			buildActionMask = 2147483647;
			files = (
			);
			runOnlyForDeploymentPostprocessing = 0;
		};
		9248DDB42E97D05C00814079 /* Frameworks */ = {
			isa = PBXFrameworksBuildPhase;
			buildActionMask = 2147483647;
			files = (
				9248DDBC2E97D05C00814079 /* SwiftUI.framework in Frameworks */,
				9248DDBA2E97D05C00814079 /* WidgetKit.framework in Frameworks */,
			);
			runOnlyForDeploymentPostprocessing = 0;
		};
/* End PBXFrameworksBuildPhase section */

/* Begin PBXGroup section */
		9248DD7D2E97CEAB00814079 = {
			isa = PBXGroup;
			children = (
				9248DDD12E97D06700814079 /* AlbumWidgetExtension.entitlements */,
				9248DD882E97CEAB00814079 /* OpenAlbum */,
				9248DD982E97CEAC00814079 /* OpenAlbumTests */,
				9248DDA22E97CEAC00814079 /* OpenAlbumUITests */,
				9248DDBD2E97D05C00814079 /* AlbumWidget */,
				9248DDB82E97D05C00814079 /* Frameworks */,
				9248DD872E97CEAB00814079 /* Products */,
			);
			sourceTree = "<group>";
		};
		9248DD872E97CEAB00814079 /* Products */ = {
			isa = PBXGroup;
			children = (
				9248DD862E97CEAB00814079 /* OpenAlbum.app */,
				9248DD952E97CEAC00814079 /* OpenAlbumTests.xctest */,
				9248DD9F2E97CEAC00814079 /* OpenAlbumUITests.xctest */,
				9248DDB72E97D05C00814079 /* AlbumWidgetExtension.appex */,
			);
			name = Products;
			sourceTree = "<group>";
		};
		9248DDB82E97D05C00814079 /* Frameworks */ = {
			isa = PBXGroup;
			children = (
				9248DDB92E97D05C00814079 /* WidgetKit.framework */,
				9248DDBB2E97D05C00814079 /* SwiftUI.framework */,
			);
			name = Frameworks;
			sourceTree = "<group>";
		};
/* End PBXGroup section */

/* Begin PBXNativeTarget section */
		9248DD852E97CEAB00814079 /* OpenAlbum */ = {
			isa = PBXNativeTarget;
			buildConfigurationList = 9248DDA92E97CEAC00814079 /* Build configuration list for PBXNativeTarget "OpenAlbum" */;
			buildPhases = (
				9248DD822E97CEAB00814079 /* Sources */,
				9248DD832E97CEAB00814079 /* Frameworks */,
				9248DD842E97CEAB00814079 /* Resources */,
				9248DDD02E97D05E00814079 /* Embed Foundation Extensions */,
			);
			buildRules = (
			);
			dependencies = (
				9248DDCA2E97D05E00814079 /* PBXTargetDependency */,
			);
			fileSystemSynchronizedGroups = (
				9248DD882E97CEAB00814079 /* OpenAlbum */,
			);
			name = OpenAlbum;
			packageProductDependencies = (
			);
			productName = OpenAlbum;
			productReference = 9248DD862E97CEAB00814079 /* OpenAlbum.app */;
			productType = "com.apple.product-type.application";
		};
		9248DD942E97CEAC00814079 /* OpenAlbumTests */ = {
			isa = PBXNativeTarget;
			buildConfigurationList = 9248DDAC2E97CEAC00814079 /* Build configuration list for PBXNativeTarget "OpenAlbumTests" */;
			buildPhases = (
				9248DD912E97CEAC00814079 /* Sources */,
				9248DD922E97CEAC00814079 /* Frameworks */,
				9248DD932E97CEAC00814079 /* Resources */,
			);
			buildRules = (
			);
			dependencies = (
				9248DD972E97CEAC00814079 /* PBXTargetDependency */,
			);
			fileSystemSynchronizedGroups = (
				9248DD982E97CEAC00814079 /* OpenAlbumTests */,
			);
			name = OpenAlbumTests;
			packageProductDependencies = (
			);
			productName = OpenAlbumTests;
			productReference = 9248DD952E97CEAC00814079 /* OpenAlbumTests.xctest */;
			productType = "com.apple.product-type.bundle.unit-test";
		};
		9248DD9E2E97CEAC00814079 /* OpenAlbumUITests */ = {
			isa = PBXNativeTarget;
			buildConfigurationList = 9248DDAF2E97CEAC00814079 /* Build configuration list for PBXNativeTarget "OpenAlbumUITests" */;
			buildPhases = (
				9248DD9B2E97CEAC00814079 /* Sources */,
				9248DD9C2E97CEAC00814079 /* Frameworks */,
				9248DD9D2E97CEAC00814079 /* Resources */,
			);
			buildRules = (
			);
			dependencies = (
				9248DDA12E97CEAC00814079 /* PBXTargetDependency */,
			);
			fileSystemSynchronizedGroups = (
				9248DDA22E97CEAC00814079 /* OpenAlbumUITests */,
			);
			name = OpenAlbumUITests;
			packageProductDependencies = (
			);
			productName = OpenAlbumUITests;
			productReference = 9248DD9F2E97CEAC00814079 /* OpenAlbumUITests.xctest */;
			productType = "com.apple.product-type.bundle.ui-testing";
		};
		9248DDB62E97D05C00814079 /* AlbumWidgetExtension */ = {
			isa = PBXNativeTarget;
			buildConfigurationList = 9248DDCD2E97D05E00814079 /* Build configuration list for PBXNativeTarget "AlbumWidgetExtension" */;
			buildPhases = (
				9248DDB32E97D05C00814079 /* Sources */,
				9248DDB42E97D05C00814079 /* Frameworks */,
				9248DDB52E97D05C00814079 /* Resources */,
			);
			buildRules = (
			);
			dependencies = (
			);
			fileSystemSynchronizedGroups = (
				9248DDBD2E97D05C00814079 /* AlbumWidget */,
			);
			name = AlbumWidgetExtension;
			packageProductDependencies = (
			);
			productName = AlbumWidgetExtension;
			productReference = 9248DDB72E97D05C00814079 /* AlbumWidgetExtension.appex */;
			productType = "com.apple.product-type.app-extension";
		};
/* End PBXNativeTarget section */

/* Begin PBXProject section */
		9248DD7E2E97CEAB00814079 /* Project object */ = {
			isa = PBXProject;
			attributes = {
				BuildIndependentTargetsInParallel = 1;
				LastSwiftUpdateCheck = 1640;
				LastUpgradeCheck = 1640;
				TargetAttributes = {
					9248DD852E97CEAB00814079 = {
						CreatedOnToolsVersion = 16.4;
					};
					9248DD942E97CEAC00814079 = {
						CreatedOnToolsVersion = 16.4;
						TestTargetID = 9248DD852E97CEAB00814079;
					};
					9248DD9E2E97CEAC00814079 = {
						CreatedOnToolsVersion = 16.4;
						TestTargetID = 9248DD852E97CEAB00814079;
					};
					9248DDB62E97D05C00814079 = {
						CreatedOnToolsVersion = 16.4;
					};
				};
			};
			buildConfigurationList = 9248DD812E97CEAB00814079 /* Build configuration list for PBXProject "OpenAlbum" */;
			developmentRegion = en;
			hasScannedForEncodings = 0;
			knownRegions = (
				en,
				Base,
			);
			mainGroup = 9248DD7D2E97CEAB00814079;
			minimizedProjectReferenceProxies = 1;
			preferredProjectObjectVersion = 77;
			productRefGroup = 9248DD872E97CEAB00814079 /* Products */;
			projectDirPath = "";
			projectRoot = "";
			targets = (
				9248DD852E97CEAB00814079 /* OpenAlbum */,
				9248DD942E97CEAC00814079 /* OpenAlbumTests */,
				9248DD9E2E97CEAC00814079 /* OpenAlbumUITests */,
				9248DDB62E97D05C00814079 /* AlbumWidgetExtension */,
			);
		};
/* End PBXProject section */

/* Begin PBXResourcesBuildPhase section */
		9248DD842E97CEAB00814079 /* Resources */ = {
			isa = PBXResourcesBuildPhase;
			buildActionMask = 2147483647;
			files = (
			);
			runOnlyForDeploymentPostprocessing = 0;
		};
		9248DD932E97CEAC00814079 /* Resources */ = {
			isa = PBXResourcesBuildPhase;
			buildActionMask = 2147483647;
			files = (
			);
			runOnlyForDeploymentPostprocessing = 0;
		};
		9248DD9D2E97CEAC00814079 /* Resources */ = {
			isa = PBXResourcesBuildPhase;
			buildActionMask = 2147483647;
			files = (
			);
			runOnlyForDeploymentPostprocessing = 0;
		};
		9248DDB52E97D05C00814079 /* Resources */ = {
			isa = PBXResourcesBuildPhase;
			buildActionMask = 2147483647;
			files = (
			);
			runOnlyForDeploymentPostprocessing = 0;
		};
/* End PBXResourcesBuildPhase section */

/* Begin PBXSourcesBuildPhase section */
		9248DD822E97CEAB00814079 /* Sources */ = {
			isa = PBXSourcesBuildPhase;
			buildActionMask = 2147483647;
			files = (
			);
			runOnlyForDeploymentPostprocessing = 0;
		};
		9248DD912E97CEAC00814079 /* Sources */ = {
			isa = PBXSourcesBuildPhase;
			buildActionMask = 2147483647;
			files = (
			);
			runOnlyForDeploymentPostprocessing = 0;
		};
		9248DD9B2E97CEAC00814079 /* Sources */ = {
			isa = PBXSourcesBuildPhase;
			buildActionMask = 2147483647;
			files = (
			);
			runOnlyForDeploymentPostprocessing = 0;
		};
		9248DDB32E97D05C00814079 /* Sources */ = {
			isa = PBXSourcesBuildPhase;
			buildActionMask = 2147483647;
			files = (
			);
			runOnlyForDeploymentPostprocessing = 0;
		};
/* End PBXSourcesBuildPhase section */

/* Begin PBXTargetDependency section */
		9248DD972E97CEAC00814079 /* PBXTargetDependency */ = {
			isa = PBXTargetDependency;
			target = 9248DD852E97CEAB00814079 /* OpenAlbum */;
			targetProxy = 9248DD962E97CEAC00814079 /* PBXContainerItemProxy */;
		};
		9248DDA12E97CEAC00814079 /* PBXTargetDependency */ = {
			isa = PBXTargetDependency;
			target = 9248DD852E97CEAB00814079 /* OpenAlbum */;
			targetProxy = 9248DDA02E97CEAC00814079 /* PBXContainerItemProxy */;
		};
		9248DDCA2E97D05E00814079 /* PBXTargetDependency */ = {
			isa = PBXTargetDependency;
			target = 9248DDB62E97D05C00814079 /* AlbumWidgetExtension */;
			targetProxy = 9248DDC92E97D05E00814079 /* PBXContainerItemProxy */;
		};
/* End PBXTargetDependency section */

/* Begin XCBuildConfiguration section */
		9248DDA72E97CEAC00814079 /* Debug */ = {
			isa = XCBuildConfiguration;
			buildSettings = {
				ALWAYS_SEARCH_USER_PATHS = NO;
				ASSETCATALOG_COMPILER_GENERATE_SWIFT_ASSET_SYMBOL_EXTENSIONS = YES;
				CLANG_ANALYZER_NONNULL = YES;
				CLANG_ANALYZER_NUMBER_OBJECT_CONVERSION = YES_AGGRESSIVE;
				CLANG_CXX_LANGUAGE_STANDARD = "gnu++20";
				CLANG_ENABLE_MODULES = YES;
				CLANG_ENABLE_OBJC_ARC = YES;
				CLANG_ENABLE_OBJC_WEAK = YES;
				CLANG_WARN_BLOCK_CAPTURE_AUTORELEASING = YES;
				CLANG_WARN_BOOL_CONVERSION = YES;
				CLANG_WARN_COMMA = YES;
				CLANG_WARN_CONSTANT_CONVERSION = YES;
				CLANG_WARN_DEPRECATED_OBJC_IMPLEMENTATIONS = YES;
				CLANG_WARN_DIRECT_OBJC_ISA_USAGE = YES_ERROR;
				CLANG_WARN_DOCUMENTATION_COMMENTS = YES;
				CLANG_WARN_EMPTY_BODY = YES;
				CLANG_WARN_ENUM_CONVERSION = YES;
				CLANG_WARN_INFINITE_RECURSION = YES;
				CLANG_WARN_INT_CONVERSION = YES;
				CLANG_WARN_NON_LITERAL_NULL_CONVERSION = YES;
				CLANG_WARN_OBJC_IMPLICIT_RETAIN_SELF = YES;
				CLANG_WARN_OBJC_LITERAL_CONVERSION = YES;
				CLANG_WARN_OBJC_ROOT_CLASS = YES_ERROR;
				CLANG_WARN_QUOTED_INCLUDE_IN_FRAMEWORK_HEADER = YES;
				CLANG_WARN_RANGE_LOOP_ANALYSIS = YES;
				CLANG_WARN_STRICT_PROTOTYPES = YES;
				CLANG_WARN_SUSPICIOUS_MOVE = YES;
				CLANG_WARN_UNGUARDED_AVAILABILITY = YES_AGGRESSIVE;
				CLANG_WARN_UNREACHABLE_CODE = YES;
				CLANG_WARN__DUPLICATE_METHOD_MATCH = YES;
				COPY_PHASE_STRIP = NO;
				DEBUG_INFORMATION_FORMAT = dwarf;
				DEVELOPMENT_TEAM = R66925M2U8;
				ENABLE_STRICT_OBJC_MSGSEND = YES;
				ENABLE_TESTABILITY = YES;
				ENABLE_USER_SCRIPT_SANDBOXING = YES;
				GCC_C_LANGUAGE_STANDARD = gnu17;
				GCC_DYNAMIC_NO_PIC = NO;
				GCC_NO_COMMON_BLOCKS = YES;
				GCC_OPTIMIZATION_LEVEL = 0;
				GCC_PREPROCESSOR_DEFINITIONS = (
					"DEBUG=1",
					"$(inherited)",
				);
				GCC_WARN_64_TO_32_BIT_CONVERSION = YES;
				GCC_WARN_ABOUT_RETURN_TYPE = YES_ERROR;
				GCC_WARN_UNDECLARED_SELECTOR = YES;
				GCC_WARN_UNINITIALIZED_AUTOS = YES_AGGRESSIVE;
				GCC_WARN_UNUSED_FUNCTION = YES;
				GCC_WARN_UNUSED_VARIABLE = YES;
				IPHONEOS_DEPLOYMENT_TARGET = 18.5;
				LOCALIZATION_PREFERS_STRING_CATALOGS = YES;
				MTL_ENABLE_DEBUG_INFO = INCLUDE_SOURCE;
				MTL_FAST_MATH = YES;
				ONLY_ACTIVE_ARCH = YES;
				SDKROOT = iphoneos;
				SWIFT_ACTIVE_COMPILATION_CONDITIONS = "DEBUG $(inherited)";
				SWIFT_OPTIMIZATION_LEVEL = "-Onone";
				SWIFT_VERSION = 5.0;
			};
			name = Debug;
		};
		9248DDA82E97CEAC00814079 /* Release */ = {
			isa = XCBuildConfiguration;
			buildSettings = {
				ALWAYS_SEARCH_USER_PATHS = NO;
				ASSETCATALOG_COMPILER_GENERATE_SWIFT_ASSET_SYMBOL_EXTENSIONS = YES;
				CLANG_ANALYZER_NONNULL = YES;
				CLANG_ANALYZER_NUMBER_OBJECT_CONVERSION = YES_AGGRESSIVE;
				CLANG_CXX_LANGUAGE_STANDARD = "gnu++20";
				CLANG_ENABLE_MODULES = YES;
				CLANG_ENABLE_OBJC_ARC = YES;
				CLANG_ENABLE_OBJC_WEAK = YES;
				CLANG_WARN_BLOCK_CAPTURE_AUTORELEASING = YES;
				CLANG_WARN_BOOL_CONVERSION = YES;
				CLANG_WARN_COMMA = YES;
				CLANG_WARN_CONSTANT_CONVERSION = YES;
				CLANG_WARN_DEPRECATED_OBJC_IMPLEMENTATIONS = YES;
				CLANG_WARN_DIRECT_OBJC_ISA_USAGE = YES_ERROR;
				CLANG_WARN_DOCUMENTATION_COMMENTS = YES;
				CLANG_WARN_EMPTY_BODY = YES;
				CLANG_WARN_ENUM_CONVERSION = YES;
				CLANG_WARN_INFINITE_RECURSION = YES;
				CLANG_WARN_INT_CONVERSION = YES;
				CLANG_WARN_NON_LITERAL_NULL_CONVERSION = YES;
				CLANG_WARN_OBJC_IMPLICIT_RETAIN_SELF = YES;
				CLANG_WARN_OBJC_LITERAL_CONVERSION = YES;
				CLANG_WARN_OBJC_ROOT_CLASS = YES_ERROR;
				CLANG_WARN_QUOTED_INCLUDE_IN_FRAMEWORK_HEADER = YES;
				CLANG_WARN_RANGE_LOOP_ANALYSIS = YES;
				CLANG_WARN_STRICT_PROTOTYPES = YES;
				CLANG_WARN_SUSPICIOUS_MOVE = YES;
				CLANG_WARN_UNGUARDED_AVAILABILITY = YES_AGGRESSIVE;
				CLANG_WARN_UNREACHABLE_CODE = YES;
				CLANG_WARN__DUPLICATE_METHOD_MATCH = YES;
				COPY_PHASE_STRIP = NO;
				DEBUG_INFORMATION_FORMAT = "dwarf-with-dsym";
				DEVELOPMENT_TEAM = R66925M2U8;
				ENABLE_NS_ASSERTIONS = NO;
				ENABLE_STRICT_OBJC_MSGSEND = YES;
				ENABLE_USER_SCRIPT_SANDBOXING = YES;
				GCC_C_LANGUAGE_STANDARD = gnu17;
				GCC_NO_COMMON_BLOCKS = YES;
				GCC_WARN_64_TO_32_BIT_CONVERSION = YES;
				GCC_WARN_ABOUT_RETURN_TYPE = YES_ERROR;
				GCC_WARN_UNDECLARED_SELECTOR = YES;
				GCC_WARN_UNINITIALIZED_AUTOS = YES_AGGRESSIVE;
				GCC_WARN_UNUSED_FUNCTION = YES;
				GCC_WARN_UNUSED_VARIABLE = YES;
				IPHONEOS_DEPLOYMENT_TARGET = 18.5;
				LOCALIZATION_PREFERS_STRING_CATALOGS = YES;
				MTL_ENABLE_DEBUG_INFO = NO;
				MTL_FAST_MATH = YES;
				SDKROOT = iphoneos;
				SWIFT_COMPILATION_MODE = wholemodule;
				SWIFT_VERSION = 5.0;
				VALIDATE_PRODUCT = YES;
			};
			name = Release;
		};
		9248DDAA2E97CEAC00814079 /* Debug */ = {
			isa = XCBuildConfiguration;
			buildSettings = {
				ASSETCATALOG_COMPILER_APPICON_NAME = AppIcon;
				ASSETCATALOG_COMPILER_GLOBAL_ACCENT_COLOR_NAME = AccentColor;
				CODE_SIGN_ENTITLEMENTS = OpenAlbum/OpenAlbum.entitlements;
				CODE_SIGN_STYLE = Automatic;
				CURRENT_PROJECT_VERSION = 1;
				DEVELOPMENT_TEAM = R66925M2U8;
				ENABLE_PREVIEWS = YES;
				GENERATE_INFOPLIST_FILE = YES;
				INFOPLIST_FILE = OpenAlbum/Info.plist;
				INFOPLIST_KEY_LSApplicationCategoryType = "public.app-category.photography";
				INFOPLIST_KEY_UIApplicationSceneManifest_Generation = YES;
				INFOPLIST_KEY_UIApplicationSupportsIndirectInputEvents = YES;
				INFOPLIST_KEY_UILaunchScreen_Generation = YES;
				INFOPLIST_KEY_UISupportedInterfaceOrientations_iPad = "UIInterfaceOrientationPortrait UIInterfaceOrientationPortraitUpsideDown UIInterfaceOrientationLandscapeLeft UIInterfaceOrientationLandscapeRight";
				INFOPLIST_KEY_UISupportedInterfaceOrientations_iPhone = "UIInterfaceOrientationPortrait UIInterfaceOrientationLandscapeLeft UIInterfaceOrientationLandscapeRight";
				IPHONEOS_DEPLOYMENT_TARGET = 17.6;
				LD_RUNPATH_SEARCH_PATHS = (
					"$(inherited)",
					"@executable_path/Frameworks",
				);
				MARKETING_VERSION = 1.3;
				PRODUCT_BUNDLE_IDENTIFIER = dev.ssssota.OpenAlbum;
				PRODUCT_NAME = "$(TARGET_NAME)";
				SWIFT_EMIT_LOC_STRINGS = YES;
				SWIFT_VERSION = 5.0;
				TARGETED_DEVICE_FAMILY = "1,2";
			};
			name = Debug;
		};
		9248DDAB2E97CEAC00814079 /* Release */ = {
			isa = XCBuildConfiguration;
			buildSettings = {
				ASSETCATALOG_COMPILER_APPICON_NAME = AppIcon;
				ASSETCATALOG_COMPILER_GLOBAL_ACCENT_COLOR_NAME = AccentColor;
				CODE_SIGN_ENTITLEMENTS = OpenAlbum/OpenAlbum.entitlements;
				CODE_SIGN_STYLE = Automatic;
				CURRENT_PROJECT_VERSION = 1;
				DEVELOPMENT_TEAM = R66925M2U8;
				ENABLE_PREVIEWS = YES;
				GENERATE_INFOPLIST_FILE = YES;
				INFOPLIST_FILE = OpenAlbum/Info.plist;
				INFOPLIST_KEY_LSApplicationCategoryType = "public.app-category.photography";
				INFOPLIST_KEY_UIApplicationSceneManifest_Generation = YES;
				INFOPLIST_KEY_UIApplicationSupportsIndirectInputEvents = YES;
				INFOPLIST_KEY_UILaunchScreen_Generation = YES;
				INFOPLIST_KEY_UISupportedInterfaceOrientations_iPad = "UIInterfaceOrientationPortrait UIInterfaceOrientationPortraitUpsideDown UIInterfaceOrientationLandscapeLeft UIInterfaceOrientationLandscapeRight";
				INFOPLIST_KEY_UISupportedInterfaceOrientations_iPhone = "UIInterfaceOrientationPortrait UIInterfaceOrientationLandscapeLeft UIInterfaceOrientationLandscapeRight";
				IPHONEOS_DEPLOYMENT_TARGET = 17.6;
				LD_RUNPATH_SEARCH_PATHS = (
					"$(inherited)",
					"@executable_path/Frameworks",
				);
				MARKETING_VERSION = 1.3;
				PRODUCT_BUNDLE_IDENTIFIER = dev.ssssota.OpenAlbum;
				PRODUCT_NAME = "$(TARGET_NAME)";
				SWIFT_EMIT_LOC_STRINGS = YES;
				SWIFT_VERSION = 5.0;
				TARGETED_DEVICE_FAMILY = "1,2";
			};
			name = Release;
		};
		9248DDAD2E97CEAC00814079 /* Debug */ = {
			isa = XCBuildConfiguration;
			buildSettings = {
				BUNDLE_LOADER = "$(TEST_HOST)";
				CODE_SIGN_STYLE = Automatic;
				CURRENT_PROJECT_VERSION = 1;
				DEVELOPMENT_TEAM = R66925M2U8;
				GENERATE_INFOPLIST_FILE = YES;
				IPHONEOS_DEPLOYMENT_TARGET = 18.5;
				MARKETING_VERSION = 1.0;
				PRODUCT_BUNDLE_IDENTIFIER = dev.ssssota.OpenAlbumTests;
				PRODUCT_NAME = "$(TARGET_NAME)";
				SWIFT_EMIT_LOC_STRINGS = NO;
				SWIFT_VERSION = 5.0;
				TARGETED_DEVICE_FAMILY = "1,2";
				TEST_HOST = "$(BUILT_PRODUCTS_DIR)/OpenAlbum.app/$(BUNDLE_EXECUTABLE_FOLDER_PATH)/OpenAlbum";
			};
			name = Debug;
		};
		9248DDAE2E97CEAC00814079 /* Release */ = {
			isa = XCBuildConfiguration;
			buildSettings = {
				BUNDLE_LOADER = "$(TEST_HOST)";
				CODE_SIGN_STYLE = Automatic;
				CURRENT_PROJECT_VERSION = 1;
				DEVELOPMENT_TEAM = R66925M2U8;
				GENERATE_INFOPLIST_FILE = YES;
				IPHONEOS_DEPLOYMENT_TARGET = 18.5;
				MARKETING_VERSION = 1.0;
				PRODUCT_BUNDLE_IDENTIFIER = dev.ssssota.OpenAlbumTests;
				PRODUCT_NAME = "$(TARGET_NAME)";
				SWIFT_EMIT_LOC_STRINGS = NO;
				SWIFT_VERSION = 5.0;
				TARGETED_DEVICE_FAMILY = "1,2";
				TEST_HOST = "$(BUILT_PRODUCTS_DIR)/OpenAlbum.app/$(BUNDLE_EXECUTABLE_FOLDER_PATH)/OpenAlbum";
			};
			name = Release;
		};
		9248DDB02E97CEAC00814079 /* Debug */ = {
			isa = XCBuildConfiguration;
			buildSettings = {
				CODE_SIGN_STYLE = Automatic;
				CURRENT_PROJECT_VERSION = 1;
				DEVELOPMENT_TEAM = R66925M2U8;
				GENERATE_INFOPLIST_FILE = YES;
				MARKETING_VERSION = 1.0;
				PRODUCT_BUNDLE_IDENTIFIER = dev.ssssota.OpenAlbumUITests;
				PRODUCT_NAME = "$(TARGET_NAME)";
				SWIFT_EMIT_LOC_STRINGS = NO;
				SWIFT_VERSION = 5.0;
				TARGETED_DEVICE_FAMILY = "1,2";
				TEST_TARGET_NAME = OpenAlbum;
			};
			name = Debug;
		};
		9248DDB12E97CEAC00814079 /* Release */ = {
			isa = XCBuildConfiguration;
			buildSettings = {
				CODE_SIGN_STYLE = Automatic;
				CURRENT_PROJECT_VERSION = 1;
				DEVELOPMENT_TEAM = R66925M2U8;
				GENERATE_INFOPLIST_FILE = YES;
				MARKETING_VERSION = 1.0;
				PRODUCT_BUNDLE_IDENTIFIER = dev.ssssota.OpenAlbumUITests;
				PRODUCT_NAME = "$(TARGET_NAME)";
				SWIFT_EMIT_LOC_STRINGS = NO;
				SWIFT_VERSION = 5.0;
				TARGETED_DEVICE_FAMILY = "1,2";
				TEST_TARGET_NAME = OpenAlbum;
			};
			name = Release;
		};
		9248DDCE2E97D05E00814079 /* Debug */ = {
			isa = XCBuildConfiguration;
			buildSettings = {
				ASSETCATALOG_COMPILER_GLOBAL_ACCENT_COLOR_NAME = AccentColor;
				ASSETCATALOG_COMPILER_WIDGET_BACKGROUND_COLOR_NAME = WidgetBackground;
				CODE_SIGN_ENTITLEMENTS = AlbumWidgetExtension.entitlements;
				CODE_SIGN_STYLE = Automatic;
				CURRENT_PROJECT_VERSION = 1;
				DEVELOPMENT_TEAM = R66925M2U8;
				GENERATE_INFOPLIST_FILE = YES;
				INFOPLIST_FILE = AlbumWidget/Info.plist;
				INFOPLIST_KEY_CFBundleDisplayName = AlbumWidget;
				INFOPLIST_KEY_NSHumanReadableCopyright = "";
				IPHONEOS_DEPLOYMENT_TARGET = 17.6;
				LD_RUNPATH_SEARCH_PATHS = (
					"$(inherited)",
					"@executable_path/Frameworks",
					"@executable_path/../../Frameworks",
				);
				MARKETING_VERSION = 1.0;
				PRODUCT_BUNDLE_IDENTIFIER = dev.ssssota.OpenAlbum.AlbumWidget;
				PRODUCT_NAME = "$(TARGET_NAME)";
				SKIP_INSTALL = YES;
				SWIFT_EMIT_LOC_STRINGS = YES;
				SWIFT_VERSION = 5.0;
				TARGETED_DEVICE_FAMILY = "1,2";
			};
			name = Debug;
		};
		9248DDCF2E97D05E00814079 /* Release */ = {
			isa = XCBuildConfiguration;
			buildSettings = {
				ASSETCATALOG_COMPILER_GLOBAL_ACCENT_COLOR_NAME = AccentColor;
				ASSETCATALOG_COMPILER_WIDGET_BACKGROUND_COLOR_NAME = WidgetBackground;
				CODE_SIGN_ENTITLEMENTS = AlbumWidgetExtension.entitlements;
				CODE_SIGN_STYLE = Automatic;
				CURRENT_PROJECT_VERSION = 1;
				DEVELOPMENT_TEAM = R66925M2U8;
				GENERATE_INFOPLIST_FILE = YES;
				INFOPLIST_FILE = AlbumWidget/Info.plist;
				INFOPLIST_KEY_CFBundleDisplayName = AlbumWidget;
				INFOPLIST_KEY_NSHumanReadableCopyright = "";
				IPHONEOS_DEPLOYMENT_TARGET = 17.6;
				LD_RUNPATH_SEARCH_PATHS = (
					"$(inherited)",
					"@executable_path/Frameworks",
					"@executable_path/../../Frameworks",
				);
				MARKETING_VERSION = 1.0;
				PRODUCT_BUNDLE_IDENTIFIER = dev.ssssota.OpenAlbum.AlbumWidget;
				PRODUCT_NAME = "$(TARGET_NAME)";
				SKIP_INSTALL = YES;
				SWIFT_EMIT_LOC_STRINGS = YES;
				SWIFT_VERSION = 5.0;
				TARGETED_DEVICE_FAMILY = "1,2";
			};
			name = Release;
		};
/* End XCBuildConfiguration section */

/* Begin XCConfigurationList section */
		9248DD812E97CEAB00814079 /* Build configuration list for PBXProject "OpenAlbum" */ = {
			isa = XCConfigurationList;
			buildConfigurations = (
				9248DDA72E97CEAC00814079 /* Debug */,
				9248DDA82E97CEAC00814079 /* Release */,
			);
			defaultConfigurationIsVisible = 0;
			defaultConfigurationName = Release;
		};
		9248DDA92E97CEAC00814079 /* Build configuration list for PBXNativeTarget "OpenAlbum" */ = {
			isa = XCConfigurationList;
			buildConfigurations = (
				9248DDAA2E97CEAC00814079 /* Debug */,
				9248DDAB2E97CEAC00814079 /* Release */,
			);
			defaultConfigurationIsVisible = 0;
			defaultConfigurationName = Release;
		};
		9248DDAC2E97CEAC00814079 /* Build configuration list for PBXNativeTarget "OpenAlbumTests" */ = {
			isa = XCConfigurationList;
			buildConfigurations = (
				9248DDAD2E97CEAC00814079 /* Debug */,
				9248DDAE2E97CEAC00814079 /* Release */,
			);
			defaultConfigurationIsVisible = 0;
			defaultConfigurationName = Release;
		};
		9248DDAF2E97CEAC00814079 /* Build configuration list for PBXNativeTarget "OpenAlbumUITests" */ = {
			isa = XCConfigurationList;
			buildConfigurations = (
				9248DDB02E97CEAC00814079 /* Debug */,
				9248DDB12E97CEAC00814079 /* Release */,
			);
			defaultConfigurationIsVisible = 0;
			defaultConfigurationName = Release;
		};
		9248DDCD2E97D05E00814079 /* Build configuration list for PBXNativeTarget "AlbumWidgetExtension" */ = {
			isa = XCConfigurationList;
			buildConfigurations = (
				9248DDCE2E97D05E00814079 /* Debug */,
				9248DDCF2E97D05E00814079 /* Release */,
			);
			defaultConfigurationIsVisible = 0;
			defaultConfigurationName = Release;
		};
/* End XCConfigurationList section */
	};
	rootObject = 9248DD7E2E97CEAB00814079 /* Project object */;
}
